
Microsoft Visual Studio Solution File, Format Version 12.00
# Visual Studio Version 17
VisualStudioVersion = 17.8.34525.116
MinimumVisualStudioVersion = 10.0.40219.1
Project("{FAE04EC0-301F-11D3-BF4B-00C04F79EFBC}") = "ASP.NET", "ASP.NET\ASP.NET.csproj", "{00BE6BD3-BAFE-4CCE-A134-0D8C3CDC8C16}"
EndProject
Global
	GlobalSection(SolutionConfigurationPlatforms) = preSolution
		Debug|Any CPU = Debug|Any CPU
		Release|Any CPU = Release|Any CPU
	EndGlobalSection
	GlobalSection(ProjectConfigurationPlatforms) = postSolution
		{00BE6BD3-BAFE-4CCE-A134-0D8C3CDC8C16}.Debug|Any CPU.ActiveCfg = Debug|Any CPU
		{00BE6BD3-BAFE-4CCE-A134-0D8C3CDC8C16}.Debug|Any CPU.Build.0 = Debug|Any CPU
		{00BE6BD3-BAFE-4CCE-A134-0D8C3CDC8C16}.Release|Any CPU.ActiveCfg = Release|Any CPU
		{00BE6BD3-BAFE-4CCE-A134-0D8C3CDC8C16}.Release|Any CPU.Build.0 = Release|Any CPU
	EndGlobalSection
	GlobalSection(SolutionProperties) = preSolution
		HideSolutionNode = FALSE
	EndGlobalSection
	GlobalSection(ExtensibilityGlobals) = postSolution
		SolutionGuid = {327A504A-8510-4158-B551-F9E09BE29137}
	EndGlobalSection
EndGlobal
