
Microsoft Visual Studio Solution File, Format Version 12.00
# Visual Studio Version 17
VisualStudioVersion = 17.6.33815.320
MinimumVisualStudioVersion = 10.0.40219.1
Project("{9A19103F-16F7-4668-BE54-9A1E7A4F7556}") = "LR7", "LR7.csproj", "{C9CD9140-6EE7-4E3B-9A82-6B796D2E634A}"
EndProject
Global
	GlobalSection(SolutionConfigurationPlatforms) = preSolution
		Debug|Any CPU = Debug|Any CPU
		Release|Any CPU = Release|Any CPU
	EndGlobalSection
	GlobalSection(ProjectConfigurationPlatforms) = postSolution
		{C9CD9140-6EE7-4E3B-9A82-6B796D2E634A}.Debug|Any CPU.ActiveCfg = Debug|Any CPU
		{C9CD9140-6EE7-4E3B-9A82-6B796D2E634A}.Debug|Any CPU.Build.0 = Debug|Any CPU
		{C9CD9140-6EE7-4E3B-9A82-6B796D2E634A}.Release|Any CPU.ActiveCfg = Release|Any CPU
		{C9CD9140-6EE7-4E3B-9A82-6B796D2E634A}.Release|Any CPU.Build.0 = Release|Any CPU
	EndGlobalSection
	GlobalSection(SolutionProperties) = preSolution
		HideSolutionNode = FALSE
	EndGlobalSection
	GlobalSection(ExtensibilityGlobals) = postSolution
		SolutionGuid = {155D6B44-5D9D-4640-BDE9-70B6DEE8C04F}
	EndGlobalSection
EndGlobal
